
Microsoft Visual Studio Solution File, Format Version 12.00
# Visual Studio Version 17
VisualStudioVersion = 17.1.32210.238
MinimumVisualStudioVersion = 10.0.40219.1
Project("{FAE04EC0-301F-11D3-BF4B-00C04F79EFBC}") = "Resort Forest Park", "Resort Forest Park\Resort Forest Park.csproj", "{E3403D77-7EC5-4464-A94A-95CC6DAB5C9B}"
EndProject
Global
	GlobalSection(SolutionConfigurationPlatforms) = preSolution
		Debug|Any CPU = Debug|Any CPU
		Release|Any CPU = Release|Any CPU
	EndGlobalSection
	GlobalSection(ProjectConfigurationPlatforms) = postSolution
		{E3403D77-7EC5-4464-A94A-95CC6DAB5C9B}.Debug|Any CPU.ActiveCfg = Debug|Any CPU
		{E3403D77-7EC5-4464-A94A-95CC6DAB5C9B}.Debug|Any CPU.Build.0 = Debug|Any CPU
		{E3403D77-7EC5-4464-A94A-95CC6DAB5C9B}.Release|Any CPU.ActiveCfg = Release|Any CPU
		{E3403D77-7EC5-4464-A94A-95CC6DAB5C9B}.Release|Any CPU.Build.0 = Release|Any CPU
	EndGlobalSection
	GlobalSection(SolutionProperties) = preSolution
		HideSolutionNode = FALSE
	EndGlobalSection
	GlobalSection(ExtensibilityGlobals) = postSolution
		SolutionGuid = {51EE6504-F0EE-4BEC-9102-A8ECFD3A6DC7}
	EndGlobalSection
EndGlobal
